
Microsoft Visual Studio Solution File, Format Version 12.00
# Visual Studio Version 16
VisualStudioVersion = 16.0.31424.327
MinimumVisualStudioVersion = 10.0.40219.1
Project("{FAE04EC0-301F-11D3-BF4B-00C04F79EFBC}") = "StacksAndQueues", "StacksAndQueues.csproj", "{4457FBDF-B1E7-4E2B-ACD8-DAEDE0CBB29D}"
EndProject
Global
	GlobalSection(SolutionConfigurationPlatforms) = preSolution
		Debug|Any CPU = Debug|Any CPU
		Release|Any CPU = Release|Any CPU
	EndGlobalSection
	GlobalSection(ProjectConfigurationPlatforms) = postSolution
		{4457FBDF-B1E7-4E2B-ACD8-DAEDE0CBB29D}.Debug|Any CPU.ActiveCfg = Debug|Any CPU
		{4457FBDF-B1E7-4E2B-ACD8-DAEDE0CBB29D}.Debug|Any CPU.Build.0 = Debug|Any CPU
		{4457FBDF-B1E7-4E2B-ACD8-DAEDE0CBB29D}.Release|Any CPU.ActiveCfg = Release|Any CPU
		{4457FBDF-B1E7-4E2B-ACD8-DAEDE0CBB29D}.Release|Any CPU.Build.0 = Release|Any CPU
	EndGlobalSection
	GlobalSection(SolutionProperties) = preSolution
		HideSolutionNode = FALSE
	EndGlobalSection
	GlobalSection(ExtensibilityGlobals) = postSolution
		SolutionGuid = {174DEC28-76AF-4F2D-BA3B-09CB1B5270E0}
	EndGlobalSection
EndGlobal
